
Microsoft Visual Studio Solution File, Format Version 12.00
# Visual Studio 15
VisualStudioVersion = 15.0.27703.2026
MinimumVisualStudioVersion = 10.0.40219.1
Project("{FAE04EC0-301F-11D3-BF4B-00C04F79EFBC}") = "Project 2 - OOP Character Battle", "Project 2 - OOP Character Battle\Project 2 - OOP Character Battle.csproj", "{807D186D-F596-4FD2-96C0-823A60EBACF4}"
EndProject
Global
	GlobalSection(SolutionConfigurationPlatforms) = preSolution
		Debug|Any CPU = Debug|Any CPU
		Release|Any CPU = Release|Any CPU
	EndGlobalSection
	GlobalSection(ProjectConfigurationPlatforms) = postSolution
		{807D186D-F596-4FD2-96C0-823A60EBACF4}.Debug|Any CPU.ActiveCfg = Debug|Any CPU
		{807D186D-F596-4FD2-96C0-823A60EBACF4}.Debug|Any CPU.Build.0 = Debug|Any CPU
		{807D186D-F596-4FD2-96C0-823A60EBACF4}.Release|Any CPU.ActiveCfg = Release|Any CPU
		{807D186D-F596-4FD2-96C0-823A60EBACF4}.Release|Any CPU.Build.0 = Release|Any CPU
	EndGlobalSection
	GlobalSection(SolutionProperties) = preSolution
		HideSolutionNode = FALSE
	EndGlobalSection
	GlobalSection(ExtensibilityGlobals) = postSolution
		SolutionGuid = {AD54916E-E744-4D43-90F3-F1D48381360D}
	EndGlobalSection
EndGlobal
