
Microsoft Visual Studio Solution File, Format Version 12.00
# Visual Studio 15
VisualStudioVersion = 15.0.27703.2026
MinimumVisualStudioVersion = 10.0.40219.1
Project("{FAE04EC0-301F-11D3-BF4B-00C04F79EFBC}") = "Two Player Battleship Game Over Internet", "Two Player Battleship Game Over Internet\Two Player Battleship Game Over Internet.csproj", "{CA04E76F-E751-4C6F-BCB8-332EBFEC6FED}"
EndProject
Global
	GlobalSection(SolutionConfigurationPlatforms) = preSolution
		Debug|Any CPU = Debug|Any CPU
		Release|Any CPU = Release|Any CPU
	EndGlobalSection
	GlobalSection(ProjectConfigurationPlatforms) = postSolution
		{CA04E76F-E751-4C6F-BCB8-332EBFEC6FED}.Debug|Any CPU.ActiveCfg = Debug|Any CPU
		{CA04E76F-E751-4C6F-BCB8-332EBFEC6FED}.Debug|Any CPU.Build.0 = Debug|Any CPU
		{CA04E76F-E751-4C6F-BCB8-332EBFEC6FED}.Release|Any CPU.ActiveCfg = Release|Any CPU
		{CA04E76F-E751-4C6F-BCB8-332EBFEC6FED}.Release|Any CPU.Build.0 = Release|Any CPU
	EndGlobalSection
	GlobalSection(SolutionProperties) = preSolution
		HideSolutionNode = FALSE
	EndGlobalSection
	GlobalSection(ExtensibilityGlobals) = postSolution
		SolutionGuid = {001C9351-DE96-4639-83A1-4376E02384E7}
	EndGlobalSection
EndGlobal
