
Microsoft Visual Studio Solution File, Format Version 12.00
# Visual Studio 15
VisualStudioVersion = 15.0.27703.2026
MinimumVisualStudioVersion = 10.0.40219.1
Project("{FAE04EC0-301F-11D3-BF4B-00C04F79EFBC}") = "Project 7 - Sudoku Game", "Project - Sudoku\Project 7 - Sudoku Game.csproj", "{8E904BD4-56FD-4F05-A8A1-48035E11F359}"
EndProject
Global
	GlobalSection(SolutionConfigurationPlatforms) = preSolution
		Debug|Any CPU = Debug|Any CPU
		Release|Any CPU = Release|Any CPU
	EndGlobalSection
	GlobalSection(ProjectConfigurationPlatforms) = postSolution
		{8E904BD4-56FD-4F05-A8A1-48035E11F359}.Debug|Any CPU.ActiveCfg = Debug|Any CPU
		{8E904BD4-56FD-4F05-A8A1-48035E11F359}.Debug|Any CPU.Build.0 = Debug|Any CPU
		{8E904BD4-56FD-4F05-A8A1-48035E11F359}.Release|Any CPU.ActiveCfg = Release|Any CPU
		{8E904BD4-56FD-4F05-A8A1-48035E11F359}.Release|Any CPU.Build.0 = Release|Any CPU
	EndGlobalSection
	GlobalSection(SolutionProperties) = preSolution
		HideSolutionNode = FALSE
	EndGlobalSection
	GlobalSection(ExtensibilityGlobals) = postSolution
		SolutionGuid = {3C3C7299-1D52-4774-92C8-E9C0F7B4CF22}
	EndGlobalSection
EndGlobal
